
Microsoft Visual Studio Solution File, Format Version 12.00
# Visual Studio Version 16
VisualStudioVersion = 16.0.30611.23
MinimumVisualStudioVersion = 10.0.40219.1
Project("{FAE04EC0-301F-11D3-BF4B-00C04F79EFBC}") = "bowling-GG-Garcia", "bowling-GG-Garcia\bowling-GG-Garcia.csproj", "{3E29573D-6967-4507-B68B-E25AEBF64CB8}"
EndProject
Project("{FAE04EC0-301F-11D3-BF4B-00C04F79EFBC}") = "UnitTests", "UnitTests\UnitTests.csproj", "{EA6DBCE2-5371-42F3-851E-3086D43FA354}"
EndProject
Global
	GlobalSection(SolutionConfigurationPlatforms) = preSolution
		Debug|Any CPU = Debug|Any CPU
		Release|Any CPU = Release|Any CPU
	EndGlobalSection
	GlobalSection(ProjectConfigurationPlatforms) = postSolution
		{3E29573D-6967-4507-B68B-E25AEBF64CB8}.Debug|Any CPU.ActiveCfg = Debug|Any CPU
		{3E29573D-6967-4507-B68B-E25AEBF64CB8}.Debug|Any CPU.Build.0 = Debug|Any CPU
		{3E29573D-6967-4507-B68B-E25AEBF64CB8}.Release|Any CPU.ActiveCfg = Release|Any CPU
		{3E29573D-6967-4507-B68B-E25AEBF64CB8}.Release|Any CPU.Build.0 = Release|Any CPU
		{EA6DBCE2-5371-42F3-851E-3086D43FA354}.Debug|Any CPU.ActiveCfg = Debug|Any CPU
		{EA6DBCE2-5371-42F3-851E-3086D43FA354}.Debug|Any CPU.Build.0 = Debug|Any CPU
		{EA6DBCE2-5371-42F3-851E-3086D43FA354}.Release|Any CPU.ActiveCfg = Release|Any CPU
		{EA6DBCE2-5371-42F3-851E-3086D43FA354}.Release|Any CPU.Build.0 = Release|Any CPU
	EndGlobalSection
	GlobalSection(SolutionProperties) = preSolution
		HideSolutionNode = FALSE
	EndGlobalSection
	GlobalSection(ExtensibilityGlobals) = postSolution
		SolutionGuid = {FE07A519-6982-4F3E-9DD8-6AA459E01CD5}
	EndGlobalSection
EndGlobal
